
Microsoft Visual Studio Solution File, Format Version 12.00
Project("{FAE04EC0-301F-11D3-BF4B-00C04F79EFBC}") = "CrimeSystem", "CrimeSystem\CrimeSystem.csproj", "{BA915EFA-F70D-45FB-9862-749C38946395}"
EndProject
Project("{FAE04EC0-301F-11D3-BF4B-00C04F79EFBC}") = "DAL", "DAL\DAL.csproj", "{39FA250B-F7D7-40CF-8A05-F960CB53F2B0}"
EndProject
Project("{FAE04EC0-301F-11D3-BF4B-00C04F79EFBC}") = "DAL.Tests", "DAL.Tests\DAL.Tests.csproj", "{6F49714F-A3EC-4628-91AA-FD22ADF40120}"
EndProject
Project("{FAE04EC0-301F-11D3-BF4B-00C04F79EFBC}") = "CCL", "CCL\CCL.csproj", "{DBFB3243-92D9-40FE-B7D1-053210AAFE6E}"
EndProject
Project("{FAE04EC0-301F-11D3-BF4B-00C04F79EFBC}") = "BLL", "BLL\BLL.csproj", "{4AD4A8DA-F689-422D-9BE4-1C08434FBCEC}"
EndProject
Project("{FAE04EC0-301F-11D3-BF4B-00C04F79EFBC}") = "BLL.Tests", "BLL.Tests\BLL.Tests.csproj", "{B09BD8B2-CD10-441D-B8AA-489E4B46443B}"
EndProject
Global
	GlobalSection(SolutionConfigurationPlatforms) = preSolution
		Debug|Any CPU = Debug|Any CPU
		Release|Any CPU = Release|Any CPU
	EndGlobalSection
	GlobalSection(ProjectConfigurationPlatforms) = postSolution
		{BA915EFA-F70D-45FB-9862-749C38946395}.Debug|Any CPU.ActiveCfg = Debug|Any CPU
		{BA915EFA-F70D-45FB-9862-749C38946395}.Debug|Any CPU.Build.0 = Debug|Any CPU
		{BA915EFA-F70D-45FB-9862-749C38946395}.Release|Any CPU.ActiveCfg = Release|Any CPU
		{BA915EFA-F70D-45FB-9862-749C38946395}.Release|Any CPU.Build.0 = Release|Any CPU
		{39FA250B-F7D7-40CF-8A05-F960CB53F2B0}.Debug|Any CPU.ActiveCfg = Debug|Any CPU
		{39FA250B-F7D7-40CF-8A05-F960CB53F2B0}.Debug|Any CPU.Build.0 = Debug|Any CPU
		{39FA250B-F7D7-40CF-8A05-F960CB53F2B0}.Release|Any CPU.ActiveCfg = Release|Any CPU
		{39FA250B-F7D7-40CF-8A05-F960CB53F2B0}.Release|Any CPU.Build.0 = Release|Any CPU
		{6F49714F-A3EC-4628-91AA-FD22ADF40120}.Debug|Any CPU.ActiveCfg = Debug|Any CPU
		{6F49714F-A3EC-4628-91AA-FD22ADF40120}.Debug|Any CPU.Build.0 = Debug|Any CPU
		{6F49714F-A3EC-4628-91AA-FD22ADF40120}.Release|Any CPU.ActiveCfg = Release|Any CPU
		{6F49714F-A3EC-4628-91AA-FD22ADF40120}.Release|Any CPU.Build.0 = Release|Any CPU
		{DBFB3243-92D9-40FE-B7D1-053210AAFE6E}.Debug|Any CPU.ActiveCfg = Debug|Any CPU
		{DBFB3243-92D9-40FE-B7D1-053210AAFE6E}.Debug|Any CPU.Build.0 = Debug|Any CPU
		{DBFB3243-92D9-40FE-B7D1-053210AAFE6E}.Release|Any CPU.ActiveCfg = Release|Any CPU
		{DBFB3243-92D9-40FE-B7D1-053210AAFE6E}.Release|Any CPU.Build.0 = Release|Any CPU
		{4AD4A8DA-F689-422D-9BE4-1C08434FBCEC}.Debug|Any CPU.ActiveCfg = Debug|Any CPU
		{4AD4A8DA-F689-422D-9BE4-1C08434FBCEC}.Debug|Any CPU.Build.0 = Debug|Any CPU
		{4AD4A8DA-F689-422D-9BE4-1C08434FBCEC}.Release|Any CPU.ActiveCfg = Release|Any CPU
		{4AD4A8DA-F689-422D-9BE4-1C08434FBCEC}.Release|Any CPU.Build.0 = Release|Any CPU
		{B09BD8B2-CD10-441D-B8AA-489E4B46443B}.Debug|Any CPU.ActiveCfg = Debug|Any CPU
		{B09BD8B2-CD10-441D-B8AA-489E4B46443B}.Debug|Any CPU.Build.0 = Debug|Any CPU
		{B09BD8B2-CD10-441D-B8AA-489E4B46443B}.Release|Any CPU.ActiveCfg = Release|Any CPU
		{B09BD8B2-CD10-441D-B8AA-489E4B46443B}.Release|Any CPU.Build.0 = Release|Any CPU
	EndGlobalSection
EndGlobal
